// !$*UTF8*$!
{
	archiveVersion = 1;
	classes = {
	};
	objectVersion = 50;
	objects = {

/* Begin PBXBuildFile section */
		CC5C31F420B4F2E30077C7A2 /* DirectionalPad.framework in Frameworks */ = {isa = PBXBuildFile; fileRef = CC5C31EA20B4F2E30077C7A2 /* DirectionalPad.framework */; };
		CC5C31F920B4F2E30077C7A2 /* DirectionalPadTests.swift in Sources */ = {isa = PBXBuildFile; fileRef = CC5C31F820B4F2E30077C7A2 /* DirectionalPadTests.swift */; };
		CC5C31FB20B4F2E30077C7A2 /* DirectionalPad.h in Headers */ = {isa = PBXBuildFile; fileRef = CC5C31ED20B4F2E30077C7A2 /* DirectionalPad.h */; settings = {ATTRIBUTES = (Public, ); }; };
		CC5C320520B4F3030077C7A2 /* DirectionalPad.swift in Sources */ = {isa = PBXBuildFile; fileRef = CC5C320420B4F3030077C7A2 /* DirectionalPad.swift */; };
/* End PBXBuildFile section */

/* Begin PBXContainerItemProxy section */
		CC5C31F520B4F2E30077C7A2 /* PBXContainerItemProxy */ = {
			isa = PBXContainerItemProxy;
			containerPortal = CC5C31E120B4F2E30077C7A2 /* Project object */;
			proxyType = 1;
			remoteGlobalIDString = CC5C31E920B4F2E30077C7A2;
			remoteInfo = DirectionalPad;
		};
/* End PBXContainerItemProxy section */

/* Begin PBXFileReference section */
		CC5C31EA20B4F2E30077C7A2 /* DirectionalPad.framework */ = {isa = PBXFileReference; explicitFileType = wrapper.framework; includeInIndex = 0; path = DirectionalPad.framework; sourceTree = BUILT_PRODUCTS_DIR; };
		CC5C31ED20B4F2E30077C7A2 /* DirectionalPad.h */ = {isa = PBXFileReference; lastKnownFileType = sourcecode.c.h; path = DirectionalPad.h; sourceTree = "<group>"; };
		CC5C31EE20B4F2E30077C7A2 /* Info.plist */ = {isa = PBXFileReference; lastKnownFileType = text.plist.xml; path = Info.plist; sourceTree = "<group>"; };
		CC5C31F320B4F2E30077C7A2 /* DirectionalPadTests.xctest */ = {isa = PBXFileReference; explicitFileType = wrapper.cfbundle; includeInIndex = 0; path = DirectionalPadTests.xctest; sourceTree = BUILT_PRODUCTS_DIR; };
		CC5C31F820B4F2E30077C7A2 /* DirectionalPadTests.swift */ = {isa = PBXFileReference; lastKnownFileType = sourcecode.swift; path = DirectionalPadTests.swift; sourceTree = "<group>"; };
		CC5C31FA20B4F2E30077C7A2 /* Info.plist */ = {isa = PBXFileReference; lastKnownFileType = text.plist.xml; path = Info.plist; sourceTree = "<group>"; };
		CC5C320420B4F3030077C7A2 /* DirectionalPad.swift */ = {isa = PBXFileReference; lastKnownFileType = sourcecode.swift; path = DirectionalPad.swift; sourceTree = "<group>"; };
/* End PBXFileReference section */

/* Begin PBXFrameworksBuildPhase section */
		CC5C31E620B4F2E30077C7A2 /* Frameworks */ = {
			isa = PBXFrameworksBuildPhase;
			buildActionMask = 2147483647;
			files = (
			);
			runOnlyForDeploymentPostprocessing = 0;
		};
		CC5C31F020B4F2E30077C7A2 /* Frameworks */ = {
			isa = PBXFrameworksBuildPhase;
			buildActionMask = 2147483647;
			files = (
				CC5C31F420B4F2E30077C7A2 /* DirectionalPad.framework in Frameworks */,
			);
			runOnlyForDeploymentPostprocessing = 0;
		};
/* End PBXFrameworksBuildPhase section */

/* Begin PBXGroup section */
		CC5C31E020B4F2E30077C7A2 = {
			isa = PBXGroup;
			children = (
				CC5C31EC20B4F2E30077C7A2 /* DirectionalPad */,
				CC5C31F720B4F2E30077C7A2 /* DirectionalPadTests */,
				CC5C31EB20B4F2E30077C7A2 /* Products */,
				CC5C322A20B4F3A70077C7A2 /* Frameworks */,
			);
			sourceTree = "<group>";
		};
		CC5C31EB20B4F2E30077C7A2 /* Products */ = {
			isa = PBXGroup;
			children = (
				CC5C31EA20B4F2E30077C7A2 /* DirectionalPad.framework */,
				CC5C31F320B4F2E30077C7A2 /* DirectionalPadTests.xctest */,
			);
			name = Products;
			sourceTree = "<group>";
		};
		CC5C31EC20B4F2E30077C7A2 /* DirectionalPad */ = {
			isa = PBXGroup;
			children = (
				CC5C31ED20B4F2E30077C7A2 /* DirectionalPad.h */,
				CC5C320420B4F3030077C7A2 /* DirectionalPad.swift */,
				CC5C31EE20B4F2E30077C7A2 /* Info.plist */,
			);
			path = DirectionalPad;
			sourceTree = "<group>";
		};
		CC5C31F720B4F2E30077C7A2 /* DirectionalPadTests */ = {
			isa = PBXGroup;
			children = (
				CC5C31F820B4F2E30077C7A2 /* DirectionalPadTests.swift */,
				CC5C31FA20B4F2E30077C7A2 /* Info.plist */,
			);
			path = DirectionalPadTests;
			sourceTree = "<group>";
		};
		CC5C322A20B4F3A70077C7A2 /* Frameworks */ = {
			isa = PBXGroup;
			children = (
			);
			name = Frameworks;
			sourceTree = "<group>";
		};
/* End PBXGroup section */

/* Begin PBXHeadersBuildPhase section */
		CC5C31E720B4F2E30077C7A2 /* Headers */ = {
			isa = PBXHeadersBuildPhase;
			buildActionMask = 2147483647;
			files = (
				CC5C31FB20B4F2E30077C7A2 /* DirectionalPad.h in Headers */,
			);
			runOnlyForDeploymentPostprocessing = 0;
		};
/* End PBXHeadersBuildPhase section */

/* Begin PBXNativeTarget section */
		CC5C31E920B4F2E30077C7A2 /* DirectionalPad */ = {
			isa = PBXNativeTarget;
			buildConfigurationList = CC5C31FE20B4F2E30077C7A2 /* Build configuration list for PBXNativeTarget "DirectionalPad" */;
			buildPhases = (
				CC5C31E520B4F2E30077C7A2 /* Sources */,
				CC5C31E620B4F2E30077C7A2 /* Frameworks */,
				CC5C31E720B4F2E30077C7A2 /* Headers */,
				CC5C31E820B4F2E30077C7A2 /* Resources */,
			);
			buildRules = (
			);
			dependencies = (
			);
			name = DirectionalPad;
			productName = DirectionalPad;
			productReference = CC5C31EA20B4F2E30077C7A2 /* DirectionalPad.framework */;
			productType = "com.apple.product-type.framework";
		};
		CC5C31F220B4F2E30077C7A2 /* DirectionalPadTests */ = {
			isa = PBXNativeTarget;
			buildConfigurationList = CC5C320120B4F2E30077C7A2 /* Build configuration list for PBXNativeTarget "DirectionalPadTests" */;
			buildPhases = (
				CC5C31EF20B4F2E30077C7A2 /* Sources */,
				CC5C31F020B4F2E30077C7A2 /* Frameworks */,
				CC5C31F120B4F2E30077C7A2 /* Resources */,
			);
			buildRules = (
			);
			dependencies = (
				CC5C31F620B4F2E30077C7A2 /* PBXTargetDependency */,
			);
			name = DirectionalPadTests;
			productName = DirectionalPadTests;
			productReference = CC5C31F320B4F2E30077C7A2 /* DirectionalPadTests.xctest */;
			productType = "com.apple.product-type.bundle.unit-test";
		};
/* End PBXNativeTarget section */

/* Begin PBXProject section */
		CC5C31E120B4F2E30077C7A2 /* Project object */ = {
			isa = PBXProject;
			attributes = {
				LastSwiftUpdateCheck = 0930;
				LastUpgradeCheck = 0930;
				ORGANIZATIONNAME = "Aaron Sutton";
				TargetAttributes = {
					CC5C31E920B4F2E30077C7A2 = {
						CreatedOnToolsVersion = 9.3.1;
						LastSwiftMigration = 0930;
					};
					CC5C31F220B4F2E30077C7A2 = {
						CreatedOnToolsVersion = 9.3.1;
					};
				};
			};
			buildConfigurationList = CC5C31E420B4F2E30077C7A2 /* Build configuration list for PBXProject "DirectionalPad" */;
			compatibilityVersion = "Xcode 9.3";
			developmentRegion = en;
			hasScannedForEncodings = 0;
			knownRegions = (
				en,
				Base,
			);
			mainGroup = CC5C31E020B4F2E30077C7A2;
			productRefGroup = CC5C31EB20B4F2E30077C7A2 /* Products */;
			projectDirPath = "";
			projectRoot = "";
			targets = (
				CC5C31E920B4F2E30077C7A2 /* DirectionalPad */,
				CC5C31F220B4F2E30077C7A2 /* DirectionalPadTests */,
			);
		};
/* End PBXProject section */

/* Begin PBXResourcesBuildPhase section */
		CC5C31E820B4F2E30077C7A2 /* Resources */ = {
			isa = PBXResourcesBuildPhase;
			buildActionMask = 2147483647;
			files = (
			);
			runOnlyForDeploymentPostprocessing = 0;
		};
		CC5C31F120B4F2E30077C7A2 /* Resources */ = {
			isa = PBXResourcesBuildPhase;
			buildActionMask = 2147483647;
			files = (
			);
			runOnlyForDeploymentPostprocessing = 0;
		};
/* End PBXResourcesBuildPhase section */

/* Begin PBXSourcesBuildPhase section */
		CC5C31E520B4F2E30077C7A2 /* Sources */ = {
			isa = PBXSourcesBuildPhase;
			buildActionMask = 2147483647;
			files = (
				CC5C320520B4F3030077C7A2 /* DirectionalPad.swift in Sources */,
			);
			runOnlyForDeploymentPostprocessing = 0;
		};
		CC5C31EF20B4F2E30077C7A2 /* Sources */ = {
			isa = PBXSourcesBuildPhase;
			buildActionMask = 2147483647;
			files = (
				CC5C31F920B4F2E30077C7A2 /* DirectionalPadTests.swift in Sources */,
			);
			runOnlyForDeploymentPostprocessing = 0;
		};
/* End PBXSourcesBuildPhase section */

/* Begin PBXTargetDependency section */
		CC5C31F620B4F2E30077C7A2 /* PBXTargetDependency */ = {
			isa = PBXTargetDependency;
			target = CC5C31E920B4F2E30077C7A2 /* DirectionalPad */;
			targetProxy = CC5C31F520B4F2E30077C7A2 /* PBXContainerItemProxy */;
		};
/* End PBXTargetDependency section */

/* Begin XCBuildConfiguration section */
		CC5C31FC20B4F2E30077C7A2 /* Debug */ = {
			isa = XCBuildConfiguration;
			buildSettings = {
				ALWAYS_SEARCH_USER_PATHS = NO;
				CLANG_ANALYZER_NONNULL = YES;
				CLANG_ANALYZER_NUMBER_OBJECT_CONVERSION = YES_AGGRESSIVE;
				CLANG_CXX_LANGUAGE_STANDARD = "gnu++14";
				CLANG_CXX_LIBRARY = "libc++";
				CLANG_ENABLE_MODULES = YES;
				CLANG_ENABLE_OBJC_ARC = YES;
				CLANG_ENABLE_OBJC_WEAK = YES;
				CLANG_WARN_BLOCK_CAPTURE_AUTORELEASING = YES;
				CLANG_WARN_BOOL_CONVERSION = YES;
				CLANG_WARN_COMMA = YES;
				CLANG_WARN_CONSTANT_CONVERSION = YES;
				CLANG_WARN_DEPRECATED_OBJC_IMPLEMENTATIONS = YES;
				CLANG_WARN_DIRECT_OBJC_ISA_USAGE = YES_ERROR;
				CLANG_WARN_DOCUMENTATION_COMMENTS = YES;
				CLANG_WARN_EMPTY_BODY = YES;
				CLANG_WARN_ENUM_CONVERSION = YES;
				CLANG_WARN_INFINITE_RECURSION = YES;
				CLANG_WARN_INT_CONVERSION = YES;
				CLANG_WARN_NON_LITERAL_NULL_CONVERSION = YES;
				CLANG_WARN_OBJC_IMPLICIT_RETAIN_SELF = YES;
				CLANG_WARN_OBJC_LITERAL_CONVERSION = YES;
				CLANG_WARN_OBJC_ROOT_CLASS = YES_ERROR;
				CLANG_WARN_RANGE_LOOP_ANALYSIS = YES;
				CLANG_WARN_STRICT_PROTOTYPES = YES;
				CLANG_WARN_SUSPICIOUS_MOVE = YES;
				CLANG_WARN_UNGUARDED_AVAILABILITY = YES_AGGRESSIVE;
				CLANG_WARN_UNREACHABLE_CODE = YES;
				CLANG_WARN__DUPLICATE_METHOD_MATCH = YES;
				CODE_SIGN_IDENTITY = "iPhone Developer";
				COPY_PHASE_STRIP = NO;
				CURRENT_PROJECT_VERSION = 1;
				DEBUG_INFORMATION_FORMAT = dwarf;
				ENABLE_STRICT_OBJC_MSGSEND = YES;
				ENABLE_TESTABILITY = YES;
				GCC_C_LANGUAGE_STANDARD = gnu11;
				GCC_DYNAMIC_NO_PIC = NO;
				GCC_NO_COMMON_BLOCKS = YES;
				GCC_OPTIMIZATION_LEVEL = 0;
				GCC_PREPROCESSOR_DEFINITIONS = (
					"DEBUG=1",
					"$(inherited)",
				);
				GCC_WARN_64_TO_32_BIT_CONVERSION = YES;
				GCC_WARN_ABOUT_RETURN_TYPE = YES_ERROR;
				GCC_WARN_UNDECLARED_SELECTOR = YES;
				GCC_WARN_UNINITIALIZED_AUTOS = YES_AGGRESSIVE;
				GCC_WARN_UNUSED_FUNCTION = YES;
				GCC_WARN_UNUSED_VARIABLE = YES;
				IPHONEOS_DEPLOYMENT_TARGET = 11.3;
				MTL_ENABLE_DEBUG_INFO = YES;
				ONLY_ACTIVE_ARCH = YES;
				SDKROOT = iphoneos;
				SWIFT_ACTIVE_COMPILATION_CONDITIONS = DEBUG;
				SWIFT_OPTIMIZATION_LEVEL = "-Onone";
				VERSIONING_SYSTEM = "apple-generic";
				VERSION_INFO_PREFIX = "";
			};
			name = Debug;
		};
		CC5C31FD20B4F2E30077C7A2 /* Release */ = {
			isa = XCBuildConfiguration;
			buildSettings = {
				ALWAYS_SEARCH_USER_PATHS = NO;
				CLANG_ANALYZER_NONNULL = YES;
				CLANG_ANALYZER_NUMBER_OBJECT_CONVERSION = YES_AGGRESSIVE;
				CLANG_CXX_LANGUAGE_STANDARD = "gnu++14";
				CLANG_CXX_LIBRARY = "libc++";
				CLANG_ENABLE_MODULES = YES;
				CLANG_ENABLE_OBJC_ARC = YES;
				CLANG_ENABLE_OBJC_WEAK = YES;
				CLANG_WARN_BLOCK_CAPTURE_AUTORELEASING = YES;
				CLANG_WARN_BOOL_CONVERSION = YES;
				CLANG_WARN_COMMA = YES;
				CLANG_WARN_CONSTANT_CONVERSION = YES;
				CLANG_WARN_DEPRECATED_OBJC_IMPLEMENTATIONS = YES;
				CLANG_WARN_DIRECT_OBJC_ISA_USAGE = YES_ERROR;
				CLANG_WARN_DOCUMENTATION_COMMENTS = YES;
				CLANG_WARN_EMPTY_BODY = YES;
				CLANG_WARN_ENUM_CONVERSION = YES;
				CLANG_WARN_INFINITE_RECURSION = YES;
				CLANG_WARN_INT_CONVERSION = YES;
				CLANG_WARN_NON_LITERAL_NULL_CONVERSION = YES;
				CLANG_WARN_OBJC_IMPLICIT_RETAIN_SELF = YES;
				CLANG_WARN_OBJC_LITERAL_CONVERSION = YES;
				CLANG_WARN_OBJC_ROOT_CLASS = YES_ERROR;
				CLANG_WARN_RANGE_LOOP_ANALYSIS = YES;
				CLANG_WARN_STRICT_PROTOTYPES = YES;
				CLANG_WARN_SUSPICIOUS_MOVE = YES;
				CLANG_WARN_UNGUARDED_AVAILABILITY = YES_AGGRESSIVE;
				CLANG_WARN_UNREACHABLE_CODE = YES;
				CLANG_WARN__DUPLICATE_METHOD_MATCH = YES;
				CODE_SIGN_IDENTITY = "iPhone Developer";
				COPY_PHASE_STRIP = NO;
				CURRENT_PROJECT_VERSION = 1;
				DEBUG_INFORMATION_FORMAT = "dwarf-with-dsym";
				ENABLE_NS_ASSERTIONS = NO;
				ENABLE_STRICT_OBJC_MSGSEND = YES;
				GCC_C_LANGUAGE_STANDARD = gnu11;
				GCC_NO_COMMON_BLOCKS = YES;
				GCC_WARN_64_TO_32_BIT_CONVERSION = YES;
				GCC_WARN_ABOUT_RETURN_TYPE = YES_ERROR;
				GCC_WARN_UNDECLARED_SELECTOR = YES;
				GCC_WARN_UNINITIALIZED_AUTOS = YES_AGGRESSIVE;
				GCC_WARN_UNUSED_FUNCTION = YES;
				GCC_WARN_UNUSED_VARIABLE = YES;
				IPHONEOS_DEPLOYMENT_TARGET = 11.3;
				MTL_ENABLE_DEBUG_INFO = NO;
				SDKROOT = iphoneos;
				SWIFT_COMPILATION_MODE = wholemodule;
				SWIFT_OPTIMIZATION_LEVEL = "-O";
				VALIDATE_PRODUCT = YES;
				VERSIONING_SYSTEM = "apple-generic";
				VERSION_INFO_PREFIX = "";
			};
			name = Release;
		};
		CC5C31FF20B4F2E30077C7A2 /* Debug */ = {
			isa = XCBuildConfiguration;
			buildSettings = {
				CLANG_ENABLE_MODULES = YES;
				CODE_SIGN_IDENTITY = "";
				CODE_SIGN_STYLE = Automatic;
				DEBUG_INFORMATION_FORMAT = dwarf;
				DEFINES_MODULE = YES;
				DEVELOPMENT_TEAM = 55DMNY3HQL;
				DYLIB_COMPATIBILITY_VERSION = 1;
				DYLIB_CURRENT_VERSION = 1;
				DYLIB_INSTALL_NAME_BASE = "@rpath";
				INFOPLIST_FILE = DirectionalPad/Info.plist;
				INSTALL_PATH = "$(LOCAL_LIBRARY_DIR)/Frameworks";
				LD_RUNPATH_SEARCH_PATHS = (
					"$(inherited)",
					"@executable_path/Frameworks",
					"@loader_path/Frameworks",
				);
				PRODUCT_BUNDLE_IDENTIFIER = com.aaronjsutton.DirectionalPad;
				PRODUCT_NAME = "$(TARGET_NAME:c99extidentifier)";
				SKIP_INSTALL = YES;
				SWIFT_OPTIMIZATION_LEVEL = "-Onone";
				SWIFT_VERSION = 4.0;
				TARGETED_DEVICE_FAMILY = "1,2";
			};
			name = Debug;
		};
		CC5C320020B4F2E30077C7A2 /* Release */ = {
			isa = XCBuildConfiguration;
			buildSettings = {
				CLANG_ENABLE_MODULES = YES;
				CODE_SIGN_IDENTITY = "";
				CODE_SIGN_STYLE = Automatic;
				DEFINES_MODULE = YES;
				DEVELOPMENT_TEAM = 55DMNY3HQL;
				DYLIB_COMPATIBILITY_VERSION = 1;
				DYLIB_CURRENT_VERSION = 1;
				DYLIB_INSTALL_NAME_BASE = "@rpath";
				INFOPLIST_FILE = DirectionalPad/Info.plist;
				INSTALL_PATH = "$(LOCAL_LIBRARY_DIR)/Frameworks";
				LD_RUNPATH_SEARCH_PATHS = (
					"$(inherited)",
					"@executable_path/Frameworks",
					"@loader_path/Frameworks",
				);
				PRODUCT_BUNDLE_IDENTIFIER = com.aaronjsutton.DirectionalPad;
				PRODUCT_NAME = "$(TARGET_NAME:c99extidentifier)";
				SKIP_INSTALL = YES;
				SWIFT_VERSION = 4.0;
				TARGETED_DEVICE_FAMILY = "1,2";
			};
			name = Release;
		};
		CC5C320220B4F2E30077C7A2 /* Debug */ = {
			isa = XCBuildConfiguration;
			buildSettings = {
				ALWAYS_EMBED_SWIFT_STANDARD_LIBRARIES = YES;
				CODE_SIGN_STYLE = Automatic;
				DEVELOPMENT_TEAM = 79S8R8WVLX;
				INFOPLIST_FILE = DirectionalPadTests/Info.plist;
				LD_RUNPATH_SEARCH_PATHS = (
					"$(inherited)",
					"@executable_path/Frameworks",
					"@loader_path/Frameworks",
				);
				PRODUCT_BUNDLE_IDENTIFIER = com.aaronjsutton.DirectionalPadTests;
				PRODUCT_NAME = "$(TARGET_NAME)";
				SWIFT_VERSION = 4.0;
				TARGETED_DEVICE_FAMILY = "1,2";
			};
			name = Debug;
		};
		CC5C320320B4F2E30077C7A2 /* Release */ = {
			isa = XCBuildConfiguration;
			buildSettings = {
				ALWAYS_EMBED_SWIFT_STANDARD_LIBRARIES = YES;
				CODE_SIGN_STYLE = Automatic;
				DEVELOPMENT_TEAM = 79S8R8WVLX;
				INFOPLIST_FILE = DirectionalPadTests/Info.plist;
				LD_RUNPATH_SEARCH_PATHS = (
					"$(inherited)",
					"@executable_path/Frameworks",
					"@loader_path/Frameworks",
				);
				PRODUCT_BUNDLE_IDENTIFIER = com.aaronjsutton.DirectionalPadTests;
				PRODUCT_NAME = "$(TARGET_NAME)";
				SWIFT_VERSION = 4.0;
				TARGETED_DEVICE_FAMILY = "1,2";
			};
			name = Release;
		};
/* End XCBuildConfiguration section */

/* Begin XCConfigurationList section */
		CC5C31E420B4F2E30077C7A2 /* Build configuration list for PBXProject "DirectionalPad" */ = {
			isa = XCConfigurationList;
			buildConfigurations = (
				CC5C31FC20B4F2E30077C7A2 /* Debug */,
				CC5C31FD20B4F2E30077C7A2 /* Release */,
			);
			defaultConfigurationIsVisible = 0;
			defaultConfigurationName = Release;
		};
		CC5C31FE20B4F2E30077C7A2 /* Build configuration list for PBXNativeTarget "DirectionalPad" */ = {
			isa = XCConfigurationList;
			buildConfigurations = (
				CC5C31FF20B4F2E30077C7A2 /* Debug */,
				CC5C320020B4F2E30077C7A2 /* Release */,
			);
			defaultConfigurationIsVisible = 0;
			defaultConfigurationName = Release;
		};
		CC5C320120B4F2E30077C7A2 /* Build configuration list for PBXNativeTarget "DirectionalPadTests" */ = {
			isa = XCConfigurationList;
			buildConfigurations = (
				CC5C320220B4F2E30077C7A2 /* Debug */,
				CC5C320320B4F2E30077C7A2 /* Release */,
			);
			defaultConfigurationIsVisible = 0;
			defaultConfigurationName = Release;
		};
/* End XCConfigurationList section */
	};
	rootObject = CC5C31E120B4F2E30077C7A2 /* Project object */;
}
